// !$*UTF8*$!
{
	archiveVersion = 1;
	classes = {
	};
	objectVersion = 46;
	objects = {

/* Begin PBXBuildFile section */
		DE13252B1B9E129800C73DC1 /* AppDelegate.swift in Sources */ = {isa = PBXBuildFile; fileRef = DE13252A1B9E129800C73DC1 /* AppDelegate.swift */; };
		DE13252D1B9E129800C73DC1 /* ViewController.swift in Sources */ = {isa = PBXBuildFile; fileRef = DE13252C1B9E129800C73DC1 /* ViewController.swift */; };
		DE1325301B9E129800C73DC1 /* Main.storyboard in Resources */ = {isa = PBXBuildFile; fileRef = DE13252E1B9E129800C73DC1 /* Main.storyboard */; };
		DE1325321B9E129800C73DC1 /* Assets.xcassets in Resources */ = {isa = PBXBuildFile; fileRef = DE1325311B9E129800C73DC1 /* Assets.xcassets */; };
		DE1325351B9E129800C73DC1 /* LaunchScreen.storyboard in Resources */ = {isa = PBXBuildFile; fileRef = DE1325331B9E129800C73DC1 /* LaunchScreen.storyboard */; };
		DE13253D1B9E13D000C73DC1 /* cat4.jpg in Resources */ = {isa = PBXBuildFile; fileRef = DE13253C1B9E13D000C73DC1 /* cat4.jpg */; settings = {ASSET_TAGS = (); }; };
/* End PBXBuildFile section */

/* Begin PBXFileReference section */
		DE1325271B9E129800C73DC1 /* Animal Age Calculator.app */ = {isa = PBXFileReference; explicitFileType = wrapper.application; includeInIndex = 0; path = "Animal Age Calculator.app"; sourceTree = BUILT_PRODUCTS_DIR; };
		DE13252A1B9E129800C73DC1 /* AppDelegate.swift */ = {isa = PBXFileReference; lastKnownFileType = sourcecode.swift; path = AppDelegate.swift; sourceTree = "<group>"; };
		DE13252C1B9E129800C73DC1 /* ViewController.swift */ = {isa = PBXFileReference; lastKnownFileType = sourcecode.swift; path = ViewController.swift; sourceTree = "<group>"; };
		DE13252F1B9E129800C73DC1 /* Base */ = {isa = PBXFileReference; lastKnownFileType = file.storyboard; name = Base; path = Base.lproj/Main.storyboard; sourceTree = "<group>"; };
		DE1325311B9E129800C73DC1 /* Assets.xcassets */ = {isa = PBXFileReference; lastKnownFileType = folder.assetcatalog; path = Assets.xcassets; sourceTree = "<group>"; };
		DE1325341B9E129800C73DC1 /* Base */ = {isa = PBXFileReference; lastKnownFileType = file.storyboard; name = Base; path = Base.lproj/LaunchScreen.storyboard; sourceTree = "<group>"; };
		DE1325361B9E129800C73DC1 /* Info.plist */ = {isa = PBXFileReference; lastKnownFileType = text.plist.xml; path = Info.plist; sourceTree = "<group>"; };
		DE13253C1B9E13D000C73DC1 /* cat4.jpg */ = {isa = PBXFileReference; lastKnownFileType = image.jpeg; path = cat4.jpg; sourceTree = "<group>"; };
/* End PBXFileReference section */

/* Begin PBXFrameworksBuildPhase section */
		DE1325241B9E129800C73DC1 /* Frameworks */ = {
			isa = PBXFrameworksBuildPhase;
			buildActionMask = 2147483647;
			files = (
			);
			runOnlyForDeploymentPostprocessing = 0;
		};
/* End PBXFrameworksBuildPhase section */

/* Begin PBXGroup section */
		DE13251E1B9E129800C73DC1 = {
			isa = PBXGroup;
			children = (
				DE1325291B9E129800C73DC1 /* Animal Age Calculator */,
				DE1325281B9E129800C73DC1 /* Products */,
			);
			sourceTree = "<group>";
		};
		DE1325281B9E129800C73DC1 /* Products */ = {
			isa = PBXGroup;
			children = (
				DE1325271B9E129800C73DC1 /* Animal Age Calculator.app */,
			);
			name = Products;
			sourceTree = "<group>";
		};
		DE1325291B9E129800C73DC1 /* Animal Age Calculator */ = {
			isa = PBXGroup;
			children = (
				DE13252A1B9E129800C73DC1 /* AppDelegate.swift */,
				DE13252C1B9E129800C73DC1 /* ViewController.swift */,
				DE13252E1B9E129800C73DC1 /* Main.storyboard */,
				DE13253C1B9E13D000C73DC1 /* cat4.jpg */,
				DE1325311B9E129800C73DC1 /* Assets.xcassets */,
				DE1325331B9E129800C73DC1 /* LaunchScreen.storyboard */,
				DE1325361B9E129800C73DC1 /* Info.plist */,
			);
			path = "Animal Age Calculator";
			sourceTree = "<group>";
		};
/* End PBXGroup section */

/* Begin PBXNativeTarget section */
		DE1325261B9E129800C73DC1 /* Animal Age Calculator */ = {
			isa = PBXNativeTarget;
			buildConfigurationList = DE1325391B9E129800C73DC1 /* Build configuration list for PBXNativeTarget "Animal Age Calculator" */;
			buildPhases = (
				DE1325231B9E129800C73DC1 /* Sources */,
				DE1325241B9E129800C73DC1 /* Frameworks */,
				DE1325251B9E129800C73DC1 /* Resources */,
			);
			buildRules = (
			);
			dependencies = (
			);
			name = "Animal Age Calculator";
			productName = "Animal Age Calculator";
			productReference = DE1325271B9E129800C73DC1 /* Animal Age Calculator.app */;
			productType = "com.apple.product-type.application";
		};
/* End PBXNativeTarget section */

/* Begin PBXProject section */
		DE13251F1B9E129800C73DC1 /* Project object */ = {
			isa = PBXProject;
			attributes = {
				LastUpgradeCheck = 0700;
				ORGANIZATIONNAME = HashRocket;
				TargetAttributes = {
					DE1325261B9E129800C73DC1 = {
						CreatedOnToolsVersion = 7.0;
					};
				};
			};
			buildConfigurationList = DE1325221B9E129800C73DC1 /* Build configuration list for PBXProject "Animal Age Calculator" */;
			compatibilityVersion = "Xcode 3.2";
			developmentRegion = English;
			hasScannedForEncodings = 0;
			knownRegions = (
				en,
				Base,
			);
			mainGroup = DE13251E1B9E129800C73DC1;
			productRefGroup = DE1325281B9E129800C73DC1 /* Products */;
			projectDirPath = "";
			projectRoot = "";
			targets = (
				DE1325261B9E129800C73DC1 /* Animal Age Calculator */,
			);
		};
/* End PBXProject section */

/* Begin PBXResourcesBuildPhase section */
		DE1325251B9E129800C73DC1 /* Resources */ = {
			isa = PBXResourcesBuildPhase;
			buildActionMask = 2147483647;
			files = (
				DE1325351B9E129800C73DC1 /* LaunchScreen.storyboard in Resources */,
				DE1325321B9E129800C73DC1 /* Assets.xcassets in Resources */,
				DE1325301B9E129800C73DC1 /* Main.storyboard in Resources */,
				DE13253D1B9E13D000C73DC1 /* cat4.jpg in Resources */,
			);
			runOnlyForDeploymentPostprocessing = 0;
		};
/* End PBXResourcesBuildPhase section */

/* Begin PBXSourcesBuildPhase section */
		DE1325231B9E129800C73DC1 /* Sources */ = {
			isa = PBXSourcesBuildPhase;
			buildActionMask = 2147483647;
			files = (
				DE13252D1B9E129800C73DC1 /* ViewController.swift in Sources */,
				DE13252B1B9E129800C73DC1 /* AppDelegate.swift in Sources */,
			);
			runOnlyForDeploymentPostprocessing = 0;
		};
/* End PBXSourcesBuildPhase section */

/* Begin PBXVariantGroup section */
		DE13252E1B9E129800C73DC1 /* Main.storyboard */ = {
			isa = PBXVariantGroup;
			children = (
				DE13252F1B9E129800C73DC1 /* Base */,
			);
			name = Main.storyboard;
			sourceTree = "<group>";
		};
		DE1325331B9E129800C73DC1 /* LaunchScreen.storyboard */ = {
			isa = PBXVariantGroup;
			children = (
				DE1325341B9E129800C73DC1 /* Base */,
			);
			name = LaunchScreen.storyboard;
			sourceTree = "<group>";
		};
/* End PBXVariantGroup section */

/* Begin XCBuildConfiguration section */
		DE1325371B9E129800C73DC1 /* Debug */ = {
			isa = XCBuildConfiguration;
			buildSettings = {
				ALWAYS_SEARCH_USER_PATHS = NO;
				CLANG_CXX_LANGUAGE_STANDARD = "gnu++0x";
				CLANG_CXX_LIBRARY = "libc++";
				CLANG_ENABLE_MODULES = YES;
				CLANG_ENABLE_OBJC_ARC = YES;
				CLANG_WARN_BOOL_CONVERSION = YES;
				CLANG_WARN_CONSTANT_CONVERSION = YES;
				CLANG_WARN_DIRECT_OBJC_ISA_USAGE = YES_ERROR;
				CLANG_WARN_EMPTY_BODY = YES;
				CLANG_WARN_ENUM_CONVERSION = YES;
				CLANG_WARN_INT_CONVERSION = YES;
				CLANG_WARN_OBJC_ROOT_CLASS = YES_ERROR;
				CLANG_WARN_UNREACHABLE_CODE = YES;
				CLANG_WARN__DUPLICATE_METHOD_MATCH = YES;
				"CODE_SIGN_IDENTITY[sdk=iphoneos*]" = "iPhone Developer";
				COPY_PHASE_STRIP = NO;
				DEBUG_INFORMATION_FORMAT = dwarf;
				ENABLE_STRICT_OBJC_MSGSEND = YES;
				ENABLE_TESTABILITY = YES;
				GCC_C_LANGUAGE_STANDARD = gnu99;
				GCC_DYNAMIC_NO_PIC = NO;
				GCC_NO_COMMON_BLOCKS = YES;
				GCC_OPTIMIZATION_LEVEL = 0;
				GCC_PREPROCESSOR_DEFINITIONS = (
					"DEBUG=1",
					"$(inherited)",
				);
				GCC_WARN_64_TO_32_BIT_CONVERSION = YES;
				GCC_WARN_ABOUT_RETURN_TYPE = YES_ERROR;
				GCC_WARN_UNDECLARED_SELECTOR = YES;
				GCC_WARN_UNINITIALIZED_AUTOS = YES_AGGRESSIVE;
				GCC_WARN_UNUSED_FUNCTION = YES;
				GCC_WARN_UNUSED_VARIABLE = YES;
				IPHONEOS_DEPLOYMENT_TARGET = 9.0;
				MTL_ENABLE_DEBUG_INFO = YES;
				ONLY_ACTIVE_ARCH = YES;
				SDKROOT = iphoneos;
				SWIFT_OPTIMIZATION_LEVEL = "-Onone";
			};
			name = Debug;
		};
		DE1325381B9E129800C73DC1 /* Release */ = {
			isa = XCBuildConfiguration;
			buildSettings = {
				ALWAYS_SEARCH_USER_PATHS = NO;
				CLANG_CXX_LANGUAGE_STANDARD = "gnu++0x";
				CLANG_CXX_LIBRARY = "libc++";
				CLANG_ENABLE_MODULES = YES;
				CLANG_ENABLE_OBJC_ARC = YES;
				CLANG_WARN_BOOL_CONVERSION = YES;
				CLANG_WARN_CONSTANT_CONVERSION = YES;
				CLANG_WARN_DIRECT_OBJC_ISA_USAGE = YES_ERROR;
				CLANG_WARN_EMPTY_BODY = YES;
				CLANG_WARN_ENUM_CONVERSION = YES;
				CLANG_WARN_INT_CONVERSION = YES;
				CLANG_WARN_OBJC_ROOT_CLASS = YES_ERROR;
				CLANG_WARN_UNREACHABLE_CODE = YES;
				CLANG_WARN__DUPLICATE_METHOD_MATCH = YES;
				"CODE_SIGN_IDENTITY[sdk=iphoneos*]" = "iPhone Developer";
				COPY_PHASE_STRIP = NO;
				DEBUG_INFORMATION_FORMAT = "dwarf-with-dsym";
				ENABLE_NS_ASSERTIONS = NO;
				ENABLE_STRICT_OBJC_MSGSEND = YES;
				GCC_C_LANGUAGE_STANDARD = gnu99;
				GCC_NO_COMMON_BLOCKS = YES;
				GCC_WARN_64_TO_32_BIT_CONVERSION = YES;
				GCC_WARN_ABOUT_RETURN_TYPE = YES_ERROR;
				GCC_WARN_UNDECLARED_SELECTOR = YES;
				GCC_WARN_UNINITIALIZED_AUTOS = YES_AGGRESSIVE;
				GCC_WARN_UNUSED_FUNCTION = YES;
				GCC_WARN_UNUSED_VARIABLE = YES;
				IPHONEOS_DEPLOYMENT_TARGET = 9.0;
				MTL_ENABLE_DEBUG_INFO = NO;
				SDKROOT = iphoneos;
				VALIDATE_PRODUCT = YES;
			};
			name = Release;
		};
		DE13253A1B9E129800C73DC1 /* Debug */ = {
			isa = XCBuildConfiguration;
			buildSettings = {
				ASSETCATALOG_COMPILER_APPICON_NAME = AppIcon;
				INFOPLIST_FILE = "Animal Age Calculator/Info.plist";
				LD_RUNPATH_SEARCH_PATHS = "$(inherited) @executable_path/Frameworks";
				PRODUCT_BUNDLE_IDENTIFIER = "Open-Sky-Media--LLC.Animal-Age-Calculator";
				PRODUCT_NAME = "$(TARGET_NAME)";
			};
			name = Debug;
		};
		DE13253B1B9E129800C73DC1 /* Release */ = {
			isa = XCBuildConfiguration;
			buildSettings = {
				ASSETCATALOG_COMPILER_APPICON_NAME = AppIcon;
				INFOPLIST_FILE = "Animal Age Calculator/Info.plist";
				LD_RUNPATH_SEARCH_PATHS = "$(inherited) @executable_path/Frameworks";
				PRODUCT_BUNDLE_IDENTIFIER = "Open-Sky-Media--LLC.Animal-Age-Calculator";
				PRODUCT_NAME = "$(TARGET_NAME)";
			};
			name = Release;
		};
/* End XCBuildConfiguration section */

/* Begin XCConfigurationList section */
		DE1325221B9E129800C73DC1 /* Build configuration list for PBXProject "Animal Age Calculator" */ = {
			isa = XCConfigurationList;
			buildConfigurations = (
				DE1325371B9E129800C73DC1 /* Debug */,
				DE1325381B9E129800C73DC1 /* Release */,
			);
			defaultConfigurationIsVisible = 0;
			defaultConfigurationName = Release;
		};
		DE1325391B9E129800C73DC1 /* Build configuration list for PBXNativeTarget "Animal Age Calculator" */ = {
			isa = XCConfigurationList;
			buildConfigurations = (
				DE13253A1B9E129800C73DC1 /* Debug */,
				DE13253B1B9E129800C73DC1 /* Release */,
			);
			defaultConfigurationIsVisible = 0;
		};
/* End XCConfigurationList section */
	};
	rootObject = DE13251F1B9E129800C73DC1 /* Project object */;
}
